
Microsoft Visual Studio Solution File, Format Version 12.00
# Visual Studio 15
VisualStudioVersion = 15.0.26403.3
MinimumVisualStudioVersion = 10.0.40219.1
Project("{FAE04EC0-301F-11D3-BF4B-00C04F79EFBC}") = "PersonalFinances.WEB", "PersonalFinances.WEB\PersonalFinances.WEB.csproj", "{A4B33D4F-130A-4039-B32E-B6FF6882BE0E}"
EndProject
Project("{FAE04EC0-301F-11D3-BF4B-00C04F79EFBC}") = "PersonalFinances.DATA", "PersonalFinances.DATA\PersonalFinances.DATA.csproj", "{E5E307E3-761F-467A-96F8-B6572BC2D1E6}"
EndProject
Project("{FAE04EC0-301F-11D3-BF4B-00C04F79EFBC}") = "PersonalFinances.BUSINESS", "PersonalFinances.BUSINESS\PersonalFinances.BUSINESS.csproj", "{8CA9DA49-E072-470B-8599-4C288B29247A}"
EndProject
Global
	GlobalSection(SolutionConfigurationPlatforms) = preSolution
		Debug|Any CPU = Debug|Any CPU
		Release|Any CPU = Release|Any CPU
	EndGlobalSection
	GlobalSection(ProjectConfigurationPlatforms) = postSolution
		{A4B33D4F-130A-4039-B32E-B6FF6882BE0E}.Debug|Any CPU.ActiveCfg = Debug|Any CPU
		{A4B33D4F-130A-4039-B32E-B6FF6882BE0E}.Debug|Any CPU.Build.0 = Debug|Any CPU
		{A4B33D4F-130A-4039-B32E-B6FF6882BE0E}.Release|Any CPU.ActiveCfg = Release|Any CPU
		{A4B33D4F-130A-4039-B32E-B6FF6882BE0E}.Release|Any CPU.Build.0 = Release|Any CPU
		{E5E307E3-761F-467A-96F8-B6572BC2D1E6}.Debug|Any CPU.ActiveCfg = Debug|Any CPU
		{E5E307E3-761F-467A-96F8-B6572BC2D1E6}.Debug|Any CPU.Build.0 = Debug|Any CPU
		{E5E307E3-761F-467A-96F8-B6572BC2D1E6}.Release|Any CPU.ActiveCfg = Release|Any CPU
		{E5E307E3-761F-467A-96F8-B6572BC2D1E6}.Release|Any CPU.Build.0 = Release|Any CPU
		{8CA9DA49-E072-470B-8599-4C288B29247A}.Debug|Any CPU.ActiveCfg = Debug|Any CPU
		{8CA9DA49-E072-470B-8599-4C288B29247A}.Debug|Any CPU.Build.0 = Debug|Any CPU
		{8CA9DA49-E072-470B-8599-4C288B29247A}.Release|Any CPU.ActiveCfg = Release|Any CPU
		{8CA9DA49-E072-470B-8599-4C288B29247A}.Release|Any CPU.Build.0 = Release|Any CPU
	EndGlobalSection
	GlobalSection(SolutionProperties) = preSolution
		HideSolutionNode = FALSE
	EndGlobalSection
EndGlobal
